
Microsoft Visual Studio Solution File, Format Version 12.00
# Visual Studio Version 16
VisualStudioVersion = 16.0.30204.135
MinimumVisualStudioVersion = 10.0.40219.1
Project("{FAE04EC0-301F-11D3-BF4B-00C04F79EFBC}") = "AvaliaçãoLP2", "AvaliaçãoLP2\AvaliaçãoLP2.csproj", "{12FBA7A0-9C87-4055-AEA1-12A58C2480B4}"
EndProject
Global
	GlobalSection(SolutionConfigurationPlatforms) = preSolution
		Debug|Any CPU = Debug|Any CPU
		Release|Any CPU = Release|Any CPU
	EndGlobalSection
	GlobalSection(ProjectConfigurationPlatforms) = postSolution
		{12FBA7A0-9C87-4055-AEA1-12A58C2480B4}.Debug|Any CPU.ActiveCfg = Debug|Any CPU
		{12FBA7A0-9C87-4055-AEA1-12A58C2480B4}.Debug|Any CPU.Build.0 = Debug|Any CPU
		{12FBA7A0-9C87-4055-AEA1-12A58C2480B4}.Release|Any CPU.ActiveCfg = Release|Any CPU
		{12FBA7A0-9C87-4055-AEA1-12A58C2480B4}.Release|Any CPU.Build.0 = Release|Any CPU
	EndGlobalSection
	GlobalSection(SolutionProperties) = preSolution
		HideSolutionNode = FALSE
	EndGlobalSection
	GlobalSection(ExtensibilityGlobals) = postSolution
		SolutionGuid = {9C4F79E1-73BA-46AE-8DE3-F3D6C88891D7}
	EndGlobalSection
EndGlobal
